
Microsoft Visual Studio Solution File, Format Version 12.00
# Visual Studio Version 16
VisualStudioVersion = 16.0.31515.178
MinimumVisualStudioVersion = 10.0.40219.1
Project("{FAE04EC0-301F-11D3-BF4B-00C04F79EFBC}") = "RegistrationApp.UWP", "RegistrationApp\RegistrationApp.UWP\RegistrationApp.UWP.csproj", "{4128CD39-6A7D-460B-B246-7B74264856FF}"
EndProject
Project("{FAE04EC0-301F-11D3-BF4B-00C04F79EFBC}") = "RegistrationApp.Android", "RegistrationApp\RegistrationApp.Android\RegistrationApp.Android.csproj", "{FD221BFD-6E92-4001-BBE6-9A2843C42550}"
EndProject
Project("{FAE04EC0-301F-11D3-BF4B-00C04F79EFBC}") = "RegistrationApp.iOS", "RegistrationApp\RegistrationApp.iOS\RegistrationApp.iOS.csproj", "{E62CE707-3F4C-4665-BD0E-D0B51E443025}"
EndProject
Project("{FAE04EC0-301F-11D3-BF4B-00C04F79EFBC}") = "RegistrationApp", "RegistrationApp\RegistrationApp\RegistrationApp.csproj", "{973DFB9D-F5BB-41D6-9F04-F1B813508FCF}"
EndProject
Global
	GlobalSection(SolutionConfigurationPlatforms) = preSolution
		Debug|Any CPU = Debug|Any CPU
		Debug|ARM = Debug|ARM
		Debug|iPhone = Debug|iPhone
		Debug|iPhoneSimulator = Debug|iPhoneSimulator
		Debug|x64 = Debug|x64
		Debug|x86 = Debug|x86
		Release|Any CPU = Release|Any CPU
		Release|ARM = Release|ARM
		Release|iPhone = Release|iPhone
		Release|iPhoneSimulator = Release|iPhoneSimulator
		Release|x64 = Release|x64
		Release|x86 = Release|x86
	EndGlobalSection
	GlobalSection(ProjectConfigurationPlatforms) = postSolution
		{4128CD39-6A7D-460B-B246-7B74264856FF}.Debug|Any CPU.ActiveCfg = Debug|x86
		{4128CD39-6A7D-460B-B246-7B74264856FF}.Debug|Any CPU.Build.0 = Debug|x86
		{4128CD39-6A7D-460B-B246-7B74264856FF}.Debug|Any CPU.Deploy.0 = Debug|x86
		{4128CD39-6A7D-460B-B246-7B74264856FF}.Debug|ARM.ActiveCfg = Debug|ARM
		{4128CD39-6A7D-460B-B246-7B74264856FF}.Debug|ARM.Build.0 = Debug|ARM
		{4128CD39-6A7D-460B-B246-7B74264856FF}.Debug|ARM.Deploy.0 = Debug|ARM
		{4128CD39-6A7D-460B-B246-7B74264856FF}.Debug|iPhone.ActiveCfg = Debug|x86
		{4128CD39-6A7D-460B-B246-7B74264856FF}.Debug|iPhone.Build.0 = Debug|x86
		{4128CD39-6A7D-460B-B246-7B74264856FF}.Debug|iPhone.Deploy.0 = Debug|x86
		{4128CD39-6A7D-460B-B246-7B74264856FF}.Debug|iPhoneSimulator.ActiveCfg = Debug|x86
		{4128CD39-6A7D-460B-B246-7B74264856FF}.Debug|iPhoneSimulator.Build.0 = Debug|x86
		{4128CD39-6A7D-460B-B246-7B74264856FF}.Debug|iPhoneSimulator.Deploy.0 = Debug|x86
		{4128CD39-6A7D-460B-B246-7B74264856FF}.Debug|x64.ActiveCfg = Debug|x64
		{4128CD39-6A7D-460B-B246-7B74264856FF}.Debug|x64.Build.0 = Debug|x64
		{4128CD39-6A7D-460B-B246-7B74264856FF}.Debug|x64.Deploy.0 = Debug|x64
		{4128CD39-6A7D-460B-B246-7B74264856FF}.Debug|x86.ActiveCfg = Debug|x86
		{4128CD39-6A7D-460B-B246-7B74264856FF}.Debug|x86.Build.0 = Debug|x86
		{4128CD39-6A7D-460B-B246-7B74264856FF}.Debug|x86.Deploy.0 = Debug|x86
		{4128CD39-6A7D-460B-B246-7B74264856FF}.Release|Any CPU.ActiveCfg = Release|x86
		{4128CD39-6A7D-460B-B246-7B74264856FF}.Release|Any CPU.Build.0 = Release|x86
		{4128CD39-6A7D-460B-B246-7B74264856FF}.Release|Any CPU.Deploy.0 = Release|x86
		{4128CD39-6A7D-460B-B246-7B74264856FF}.Release|ARM.ActiveCfg = Release|ARM
		{4128CD39-6A7D-460B-B246-7B74264856FF}.Release|ARM.Build.0 = Release|ARM
		{4128CD39-6A7D-460B-B246-7B74264856FF}.Release|ARM.Deploy.0 = Release|ARM
		{4128CD39-6A7D-460B-B246-7B74264856FF}.Release|iPhone.ActiveCfg = Release|x86
		{4128CD39-6A7D-460B-B246-7B74264856FF}.Release|iPhone.Build.0 = Release|x86
		{4128CD39-6A7D-460B-B246-7B74264856FF}.Release|iPhone.Deploy.0 = Release|x86
		{4128CD39-6A7D-460B-B246-7B74264856FF}.Release|iPhoneSimulator.ActiveCfg = Release|x86
		{4128CD39-6A7D-460B-B246-7B74264856FF}.Release|iPhoneSimulator.Build.0 = Release|x86
		{4128CD39-6A7D-460B-B246-7B74264856FF}.Release|iPhoneSimulator.Deploy.0 = Release|x86
		{4128CD39-6A7D-460B-B246-7B74264856FF}.Release|x64.ActiveCfg = Release|x64
		{4128CD39-6A7D-460B-B246-7B74264856FF}.Release|x64.Build.0 = Release|x64
		{4128CD39-6A7D-460B-B246-7B74264856FF}.Release|x64.Deploy.0 = Release|x64
		{4128CD39-6A7D-460B-B246-7B74264856FF}.Release|x86.ActiveCfg = Release|x86
		{4128CD39-6A7D-460B-B246-7B74264856FF}.Release|x86.Build.0 = Release|x86
		{4128CD39-6A7D-460B-B246-7B74264856FF}.Release|x86.Deploy.0 = Release|x86
		{FD221BFD-6E92-4001-BBE6-9A2843C42550}.Debug|Any CPU.ActiveCfg = Debug|Any CPU
		{FD221BFD-6E92-4001-BBE6-9A2843C42550}.Debug|Any CPU.Build.0 = Debug|Any CPU
		{FD221BFD-6E92-4001-BBE6-9A2843C42550}.Debug|Any CPU.Deploy.0 = Debug|Any CPU
		{FD221BFD-6E92-4001-BBE6-9A2843C42550}.Debug|ARM.ActiveCfg = Debug|Any CPU
		{FD221BFD-6E92-4001-BBE6-9A2843C42550}.Debug|ARM.Build.0 = Debug|Any CPU
		{FD221BFD-6E92-4001-BBE6-9A2843C42550}.Debug|ARM.Deploy.0 = Debug|Any CPU
		{FD221BFD-6E92-4001-BBE6-9A2843C42550}.Debug|iPhone.ActiveCfg = Debug|Any CPU
		{FD221BFD-6E92-4001-BBE6-9A2843C42550}.Debug|iPhone.Build.0 = Debug|Any CPU
		{FD221BFD-6E92-4001-BBE6-9A2843C42550}.Debug|iPhone.Deploy.0 = Debug|Any CPU
		{FD221BFD-6E92-4001-BBE6-9A2843C42550}.Debug|iPhoneSimulator.ActiveCfg = Debug|Any CPU
		{FD221BFD-6E92-4001-BBE6-9A2843C42550}.Debug|iPhoneSimulator.Build.0 = Debug|Any CPU
		{FD221BFD-6E92-4001-BBE6-9A2843C42550}.Debug|iPhoneSimulator.Deploy.0 = Debug|Any CPU
		{FD221BFD-6E92-4001-BBE6-9A2843C42550}.Debug|x64.ActiveCfg = Debug|Any CPU
		{FD221BFD-6E92-4001-BBE6-9A2843C42550}.Debug|x64.Build.0 = Debug|Any CPU
		{FD221BFD-6E92-4001-BBE6-9A2843C42550}.Debug|x64.Deploy.0 = Debug|Any CPU
		{FD221BFD-6E92-4001-BBE6-9A2843C42550}.Debug|x86.ActiveCfg = Debug|Any CPU
		{FD221BFD-6E92-4001-BBE6-9A2843C42550}.Debug|x86.Build.0 = Debug|Any CPU
		{FD221BFD-6E92-4001-BBE6-9A2843C42550}.Debug|x86.Deploy.0 = Debug|Any CPU
		{FD221BFD-6E92-4001-BBE6-9A2843C42550}.Release|Any CPU.ActiveCfg = Release|Any CPU
		{FD221BFD-6E92-4001-BBE6-9A2843C42550}.Release|Any CPU.Build.0 = Release|Any CPU
		{FD221BFD-6E92-4001-BBE6-9A2843C42550}.Release|Any CPU.Deploy.0 = Release|Any CPU
		{FD221BFD-6E92-4001-BBE6-9A2843C42550}.Release|ARM.ActiveCfg = Release|Any CPU
		{FD221BFD-6E92-4001-BBE6-9A2843C42550}.Release|ARM.Build.0 = Release|Any CPU
		{FD221BFD-6E92-4001-BBE6-9A2843C42550}.Release|ARM.Deploy.0 = Release|Any CPU
		{FD221BFD-6E92-4001-BBE6-9A2843C42550}.Release|iPhone.ActiveCfg = Release|Any CPU
		{FD221BFD-6E92-4001-BBE6-9A2843C42550}.Release|iPhone.Build.0 = Release|Any CPU
		{FD221BFD-6E92-4001-BBE6-9A2843C42550}.Release|iPhone.Deploy.0 = Release|Any CPU
		{FD221BFD-6E92-4001-BBE6-9A2843C42550}.Release|iPhoneSimulator.ActiveCfg = Release|Any CPU
		{FD221BFD-6E92-4001-BBE6-9A2843C42550}.Release|iPhoneSimulator.Build.0 = Release|Any CPU
		{FD221BFD-6E92-4001-BBE6-9A2843C42550}.Release|iPhoneSimulator.Deploy.0 = Release|Any CPU
		{FD221BFD-6E92-4001-BBE6-9A2843C42550}.Release|x64.ActiveCfg = Release|Any CPU
		{FD221BFD-6E92-4001-BBE6-9A2843C42550}.Release|x64.Build.0 = Release|Any CPU
		{FD221BFD-6E92-4001-BBE6-9A2843C42550}.Release|x64.Deploy.0 = Release|Any CPU
		{FD221BFD-6E92-4001-BBE6-9A2843C42550}.Release|x86.ActiveCfg = Release|Any CPU
		{FD221BFD-6E92-4001-BBE6-9A2843C42550}.Release|x86.Build.0 = Release|Any CPU
		{FD221BFD-6E92-4001-BBE6-9A2843C42550}.Release|x86.Deploy.0 = Release|Any CPU
		{E62CE707-3F4C-4665-BD0E-D0B51E443025}.Debug|Any CPU.ActiveCfg = Debug|iPhoneSimulator
		{E62CE707-3F4C-4665-BD0E-D0B51E443025}.Debug|Any CPU.Build.0 = Debug|iPhoneSimulator
		{E62CE707-3F4C-4665-BD0E-D0B51E443025}.Debug|Any CPU.Deploy.0 = Debug|iPhoneSimulator
		{E62CE707-3F4C-4665-BD0E-D0B51E443025}.Debug|ARM.ActiveCfg = Debug|iPhone
		{E62CE707-3F4C-4665-BD0E-D0B51E443025}.Debug|ARM.Build.0 = Debug|iPhone
		{E62CE707-3F4C-4665-BD0E-D0B51E443025}.Debug|ARM.Deploy.0 = Debug|iPhone
		{E62CE707-3F4C-4665-BD0E-D0B51E443025}.Debug|iPhone.ActiveCfg = Debug|iPhone
		{E62CE707-3F4C-4665-BD0E-D0B51E443025}.Debug|iPhone.Build.0 = Debug|iPhone
		{E62CE707-3F4C-4665-BD0E-D0B51E443025}.Debug|iPhone.Deploy.0 = Debug|iPhone
		{E62CE707-3F4C-4665-BD0E-D0B51E443025}.Debug|iPhoneSimulator.ActiveCfg = Debug|iPhoneSimulator
		{E62CE707-3F4C-4665-BD0E-D0B51E443025}.Debug|iPhoneSimulator.Build.0 = Debug|iPhoneSimulator
		{E62CE707-3F4C-4665-BD0E-D0B51E443025}.Debug|iPhoneSimulator.Deploy.0 = Debug|iPhoneSimulator
		{E62CE707-3F4C-4665-BD0E-D0B51E443025}.Debug|x64.ActiveCfg = Debug|iPhoneSimulator
		{E62CE707-3F4C-4665-BD0E-D0B51E443025}.Debug|x64.Build.0 = Debug|iPhoneSimulator
		{E62CE707-3F4C-4665-BD0E-D0B51E443025}.Debug|x64.Deploy.0 = Debug|iPhoneSimulator
		{E62CE707-3F4C-4665-BD0E-D0B51E443025}.Debug|x86.ActiveCfg = Debug|iPhoneSimulator
		{E62CE707-3F4C-4665-BD0E-D0B51E443025}.Debug|x86.Build.0 = Debug|iPhoneSimulator
		{E62CE707-3F4C-4665-BD0E-D0B51E443025}.Debug|x86.Deploy.0 = Debug|iPhoneSimulator
		{E62CE707-3F4C-4665-BD0E-D0B51E443025}.Release|Any CPU.ActiveCfg = Release|iPhoneSimulator
		{E62CE707-3F4C-4665-BD0E-D0B51E443025}.Release|Any CPU.Build.0 = Release|iPhoneSimulator
		{E62CE707-3F4C-4665-BD0E-D0B51E443025}.Release|Any CPU.Deploy.0 = Release|iPhoneSimulator
		{E62CE707-3F4C-4665-BD0E-D0B51E443025}.Release|ARM.ActiveCfg = Release|iPhoneSimulator
		{E62CE707-3F4C-4665-BD0E-D0B51E443025}.Release|ARM.Build.0 = Release|iPhoneSimulator
		{E62CE707-3F4C-4665-BD0E-D0B51E443025}.Release|ARM.Deploy.0 = Release|iPhoneSimulator
		{E62CE707-3F4C-4665-BD0E-D0B51E443025}.Release|iPhone.ActiveCfg = Release|iPhone
		{E62CE707-3F4C-4665-BD0E-D0B51E443025}.Release|iPhone.Build.0 = Release|iPhone
		{E62CE707-3F4C-4665-BD0E-D0B51E443025}.Release|iPhone.Deploy.0 = Release|iPhone
		{E62CE707-3F4C-4665-BD0E-D0B51E443025}.Release|iPhoneSimulator.ActiveCfg = Release|iPhoneSimulator
		{E62CE707-3F4C-4665-BD0E-D0B51E443025}.Release|iPhoneSimulator.Build.0 = Release|iPhoneSimulator
		{E62CE707-3F4C-4665-BD0E-D0B51E443025}.Release|iPhoneSimulator.Deploy.0 = Release|iPhoneSimulator
		{E62CE707-3F4C-4665-BD0E-D0B51E443025}.Release|x64.ActiveCfg = Release|iPhoneSimulator
		{E62CE707-3F4C-4665-BD0E-D0B51E443025}.Release|x64.Build.0 = Release|iPhoneSimulator
		{E62CE707-3F4C-4665-BD0E-D0B51E443025}.Release|x64.Deploy.0 = Release|iPhoneSimulator
		{E62CE707-3F4C-4665-BD0E-D0B51E443025}.Release|x86.ActiveCfg = Release|iPhoneSimulator
		{E62CE707-3F4C-4665-BD0E-D0B51E443025}.Release|x86.Build.0 = Release|iPhoneSimulator
		{E62CE707-3F4C-4665-BD0E-D0B51E443025}.Release|x86.Deploy.0 = Release|iPhoneSimulator
		{973DFB9D-F5BB-41D6-9F04-F1B813508FCF}.Debug|Any CPU.ActiveCfg = Debug|Any CPU
		{973DFB9D-F5BB-41D6-9F04-F1B813508FCF}.Debug|Any CPU.Build.0 = Debug|Any CPU
		{973DFB9D-F5BB-41D6-9F04-F1B813508FCF}.Debug|Any CPU.Deploy.0 = Debug|Any CPU
		{973DFB9D-F5BB-41D6-9F04-F1B813508FCF}.Debug|ARM.ActiveCfg = Debug|Any CPU
		{973DFB9D-F5BB-41D6-9F04-F1B813508FCF}.Debug|ARM.Build.0 = Debug|Any CPU
		{973DFB9D-F5BB-41D6-9F04-F1B813508FCF}.Debug|ARM.Deploy.0 = Debug|Any CPU
		{973DFB9D-F5BB-41D6-9F04-F1B813508FCF}.Debug|iPhone.ActiveCfg = Debug|Any CPU
		{973DFB9D-F5BB-41D6-9F04-F1B813508FCF}.Debug|iPhone.Build.0 = Debug|Any CPU
		{973DFB9D-F5BB-41D6-9F04-F1B813508FCF}.Debug|iPhone.Deploy.0 = Debug|Any CPU
		{973DFB9D-F5BB-41D6-9F04-F1B813508FCF}.Debug|iPhoneSimulator.ActiveCfg = Debug|Any CPU
		{973DFB9D-F5BB-41D6-9F04-F1B813508FCF}.Debug|iPhoneSimulator.Build.0 = Debug|Any CPU
		{973DFB9D-F5BB-41D6-9F04-F1B813508FCF}.Debug|iPhoneSimulator.Deploy.0 = Debug|Any CPU
		{973DFB9D-F5BB-41D6-9F04-F1B813508FCF}.Debug|x64.ActiveCfg = Debug|Any CPU
		{973DFB9D-F5BB-41D6-9F04-F1B813508FCF}.Debug|x64.Build.0 = Debug|Any CPU
		{973DFB9D-F5BB-41D6-9F04-F1B813508FCF}.Debug|x64.Deploy.0 = Debug|Any CPU
		{973DFB9D-F5BB-41D6-9F04-F1B813508FCF}.Debug|x86.ActiveCfg = Debug|Any CPU
		{973DFB9D-F5BB-41D6-9F04-F1B813508FCF}.Debug|x86.Build.0 = Debug|Any CPU
		{973DFB9D-F5BB-41D6-9F04-F1B813508FCF}.Debug|x86.Deploy.0 = Debug|Any CPU
		{973DFB9D-F5BB-41D6-9F04-F1B813508FCF}.Release|Any CPU.ActiveCfg = Release|Any CPU
		{973DFB9D-F5BB-41D6-9F04-F1B813508FCF}.Release|Any CPU.Build.0 = Release|Any CPU
		{973DFB9D-F5BB-41D6-9F04-F1B813508FCF}.Release|Any CPU.Deploy.0 = Release|Any CPU
		{973DFB9D-F5BB-41D6-9F04-F1B813508FCF}.Release|ARM.ActiveCfg = Release|Any CPU
		{973DFB9D-F5BB-41D6-9F04-F1B813508FCF}.Release|ARM.Build.0 = Release|Any CPU
		{973DFB9D-F5BB-41D6-9F04-F1B813508FCF}.Release|ARM.Deploy.0 = Release|Any CPU
		{973DFB9D-F5BB-41D6-9F04-F1B813508FCF}.Release|iPhone.ActiveCfg = Release|Any CPU
		{973DFB9D-F5BB-41D6-9F04-F1B813508FCF}.Release|iPhone.Build.0 = Release|Any CPU
		{973DFB9D-F5BB-41D6-9F04-F1B813508FCF}.Release|iPhone.Deploy.0 = Release|Any CPU
		{973DFB9D-F5BB-41D6-9F04-F1B813508FCF}.Release|iPhoneSimulator.ActiveCfg = Release|Any CPU
		{973DFB9D-F5BB-41D6-9F04-F1B813508FCF}.Release|iPhoneSimulator.Build.0 = Release|Any CPU
		{973DFB9D-F5BB-41D6-9F04-F1B813508FCF}.Release|iPhoneSimulator.Deploy.0 = Release|Any CPU
		{973DFB9D-F5BB-41D6-9F04-F1B813508FCF}.Release|x64.ActiveCfg = Release|Any CPU
		{973DFB9D-F5BB-41D6-9F04-F1B813508FCF}.Release|x64.Build.0 = Release|Any CPU
		{973DFB9D-F5BB-41D6-9F04-F1B813508FCF}.Release|x64.Deploy.0 = Release|Any CPU
		{973DFB9D-F5BB-41D6-9F04-F1B813508FCF}.Release|x86.ActiveCfg = Release|Any CPU
		{973DFB9D-F5BB-41D6-9F04-F1B813508FCF}.Release|x86.Build.0 = Release|Any CPU
		{973DFB9D-F5BB-41D6-9F04-F1B813508FCF}.Release|x86.Deploy.0 = Release|Any CPU
	EndGlobalSection
	GlobalSection(SolutionProperties) = preSolution
		HideSolutionNode = FALSE
	EndGlobalSection
	GlobalSection(ExtensibilityGlobals) = postSolution
		SolutionGuid = {23E8BC1F-580A-4D30-9502-4622507EE1C3}
	EndGlobalSection
EndGlobal
